<?xml version="1.0" encoding="utf-8"?>
<Project ToolsVersion="4.0" xmlns="http://schemas.microsoft.com/developer/msbuild/2003">
  <ItemGroup>
    <Filter Include="Source Files">
      <UniqueIdentifier>{4FC737F1-C7A5-4376-A066-2A32D752A2FF}</UniqueIdentifier>
      <Extensions>cpp;c;cc;cxx;def;odl;idl;hpj;bat;asm;asmx</Extensions>
    </Filter>
    <Filter Include="Header Files">
      <UniqueIdentifier>{93995380-89BD-4b04-88EB-625FBE52EBFB}</UniqueIdentifier>
      <Extensions>h;hh;hpp;hxx;hm;inl;inc;xsd</Extensions>
    </Filter>
    <Filter Include="Resource Files">
      <UniqueIdentifier>{67DA6AB6-F800-4c08-8B7A-83BB121AAD01}</UniqueIdentifier>
      <Extensions>rc;ico;cur;bmp;dlg;rc2;rct;bin;rgs;gif;jpg;jpeg;jpe;resx;tiff;tif;png;wav;mfcribbon-ms</Extensions>
    </Filter>
  </ItemGroup>
  <ItemGroup>
    <Text Include="ReadMe.txt" />
  </ItemGroup>
  <ItemGroup>
    <ClInclude Include="stdafx.h">
      <Filter>Header Files</Filter>
    </ClInclude>
    <ClInclude Include="targetver.h">
      <Filter>Header Files</Filter>
    </ClInclude>
    <ClInclude Include="ResimIslemBase.h">
      <Filter>Header Files</Filter>
    </ClInclude>
    <ClInclude Include="ResimTersCevir.h">
      <Filter>Header Files</Filter>
    </ClInclude>
    <ClInclude Include="Execute.h">
      <Filter>Header Files</Filter>
    </ClInclude>
    <ClInclude Include="ResimAynala.h">
      <Filter>Header Files</Filter>
    </ClInclude>
    <ClInclude Include="ResimNesne.h">
      <Filter>Header Files</Filter>
    </ClInclude>
    <ClInclude Include="ResimTersle.h">
      <Filter>Header Files</Filter>
    </ClInclude>
    <ClInclude Include="ResimKarsitYay.h">
      <Filter>Header Files</Filter>
    </ClInclude>
    <ClInclude Include="ResimBuyut.h">
      <Filter>Header Files</Filter>
    </ClInclude>
    <ClInclude Include="GoruntuOtele.h">
      <Filter>Header Files</Filter>
    </ClInclude>
    <ClInclude Include="ResimKucult.h">
      <Filter>Header Files</Filter>
    </ClInclude>
    <ClInclude Include="ResimParlaklik.h">
      <Filter>Header Files</Filter>
    </ClInclude>
    <ClInclude Include="ResimGrilestir.h">
      <Filter>Header Files</Filter>
    </ClInclude>
    <ClInclude Include="ResimKarsitligi.h">
      <Filter>Header Files</Filter>
    </ClInclude>
    <ClInclude Include="Command.h">
      <Filter>Header Files</Filter>
    </ClInclude>
    <ClInclude Include="ResimDondur.h">
      <Filter>Header Files</Filter>
    </ClInclude>
    <ClInclude Include="RGBYay.h">
      <Filter>Header Files</Filter>
    </ClInclude>
    <ClInclude Include="ResimHistogramGer.h">
      <Filter>Header Files</Filter>
    </ClInclude>
  </ItemGroup>
  <ItemGroup>
    <ClCompile Include="stdafx.cpp">
      <Filter>Source Files</Filter>
    </ClCompile>
    <ClCompile Include="GoruntuIslemeOdev.cpp">
      <Filter>Source Files</Filter>
    </ClCompile>
    <ClCompile Include="ResimIslemBase.cpp">
      <Filter>Source Files</Filter>
    </ClCompile>
    <ClCompile Include="ResimTersCevir.cpp">
      <Filter>Source Files</Filter>
    </ClCompile>
    <ClCompile Include="ResimAynala.cpp">
      <Filter>Source Files</Filter>
    </ClCompile>
    <ClCompile Include="ResimNesne.cpp">
      <Filter>Source Files</Filter>
    </ClCompile>
    <ClCompile Include="ResimTersle.cpp">
      <Filter>Source Files</Filter>
    </ClCompile>
    <ClCompile Include="ResimKarsitYay.cpp">
      <Filter>Source Files</Filter>
    </ClCompile>
    <ClCompile Include="ResimBuyut.cpp">
      <Filter>Source Files</Filter>
    </ClCompile>
    <ClCompile Include="GoruntuOtele.cpp">
      <Filter>Source Files</Filter>
    </ClCompile>
    <ClCompile Include="ResimKucult.cpp">
      <Filter>Source Files</Filter>
    </ClCompile>
    <ClCompile Include="ResimParlaklik.cpp">
      <Filter>Source Files</Filter>
    </ClCompile>
    <ClCompile Include="ResimGrilestir.cpp">
      <Filter>Source Files</Filter>
    </ClCompile>
    <ClCompile Include="ResimKarsitligi.cpp">
      <Filter>Source Files</Filter>
    </ClCompile>
    <ClCompile Include="Command.cpp">
      <Filter>Source Files</Filter>
    </ClCompile>
    <ClCompile Include="ResimDondur.cpp">
      <Filter>Source Files</Filter>
    </ClCompile>
    <ClCompile Include="RGBYay.cpp">
      <Filter>Source Files</Filter>
    </ClCompile>
    <ClCompile Include="ResimHistogramGer.cpp">
      <Filter>Source Files</Filter>
    </ClCompile>
  </ItemGroup>
</Project>